
Microsoft Visual Studio Solution File, Format Version 12.00
# Visual Studio Version 17
VisualStudioVersion = 17.14.36203.30 d17.14
MinimumVisualStudioVersion = 10.0.40219.1
Project("{FAE04EC0-301F-11D3-BF4B-00C04F79EFBC}") = "Banco", "Banco\Banco.csproj", "{638705BF-4948-4F67-B6E1-D17064E429FE}"
EndProject
Global
	GlobalSection(SolutionConfigurationPlatforms) = preSolution
		Debug|Any CPU = Debug|Any CPU
		Release|Any CPU = Release|Any CPU
	EndGlobalSection
	GlobalSection(ProjectConfigurationPlatforms) = postSolution
		{638705BF-4948-4F67-B6E1-D17064E429FE}.Debug|Any CPU.ActiveCfg = Debug|Any CPU
		{638705BF-4948-4F67-B6E1-D17064E429FE}.Debug|Any CPU.Build.0 = Debug|Any CPU
		{638705BF-4948-4F67-B6E1-D17064E429FE}.Release|Any CPU.ActiveCfg = Release|Any CPU
		{638705BF-4948-4F67-B6E1-D17064E429FE}.Release|Any CPU.Build.0 = Release|Any CPU
	EndGlobalSection
	GlobalSection(SolutionProperties) = preSolution
		HideSolutionNode = FALSE
	EndGlobalSection
	GlobalSection(ExtensibilityGlobals) = postSolution
		SolutionGuid = {4AFAE137-7A70-40F5-B289-FC6A78A08E48}
	EndGlobalSection
EndGlobal
